{
  "name": "node",
  "version": "8.11.3",
  "lockfileVersion": 1,
  "requires": true,
  "dependencies": {
    "node-linux-x64": {
      "version": "8.11.3",
      "resolved": "https://registry.npmjs.org/node-linux-x64/-/node-linux-x64-8.11.3.tgz",
      "integrity": "sha512-26FgkKRFbZOUMmg/2Ef9CBozoC6A5/p0UITOTTygteR1CiByjCI5zYDQxSQIUEa/wSri6NKegtP6P/iCitBMXQ==",
      "dev": true
    }
  }
}
