{
  "name": "node",
  "version": "8.11.3",
  "lockfileVersion": 1,
  "requires": true,
  "dependencies": {
    "node-linux-x64": {
      "version": "8.11.3",
      "resolved": "http://registry.npm.taobao.org/node-linux-x64/download/node-linux-x64-8.11.3.tgz",
      "integrity": "sha1-KB9qTjwRCyma5ONnaTvnfESk6GI=",
      "dev": true
    }
  }
}
